
Microsoft Visual Studio Solution File, Format Version 12.00
# Visual Studio Version 16
VisualStudioVersion = 16.0.34114.132
MinimumVisualStudioVersion = 10.0.40219.1
Project("{8BC9CEB8-8B4A-11D0-8D11-00A0C91BC942}") = "Zadatak10", "Zadatak10.vcxproj", "{9A3FA0C8-3F6A-4248-8846-8A7B6762AF94}"
EndProject
Global
	GlobalSection(SolutionConfigurationPlatforms) = preSolution
		Debug|x64 = Debug|x64
		Debug|x86 = Debug|x86
		Release|x64 = Release|x64
		Release|x86 = Release|x86
	EndGlobalSection
	GlobalSection(ProjectConfigurationPlatforms) = postSolution
		{9A3FA0C8-3F6A-4248-8846-8A7B6762AF94}.Debug|x64.ActiveCfg = Debug|x64
		{9A3FA0C8-3F6A-4248-8846-8A7B6762AF94}.Debug|x64.Build.0 = Debug|x64
		{9A3FA0C8-3F6A-4248-8846-8A7B6762AF94}.Debug|x86.ActiveCfg = Debug|Win32
		{9A3FA0C8-3F6A-4248-8846-8A7B6762AF94}.Debug|x86.Build.0 = Debug|Win32
		{9A3FA0C8-3F6A-4248-8846-8A7B6762AF94}.Release|x64.ActiveCfg = Release|x64
		{9A3FA0C8-3F6A-4248-8846-8A7B6762AF94}.Release|x64.Build.0 = Release|x64
		{9A3FA0C8-3F6A-4248-8846-8A7B6762AF94}.Release|x86.ActiveCfg = Release|Win32
		{9A3FA0C8-3F6A-4248-8846-8A7B6762AF94}.Release|x86.Build.0 = Release|Win32
	EndGlobalSection
	GlobalSection(SolutionProperties) = preSolution
		HideSolutionNode = FALSE
	EndGlobalSection
	GlobalSection(ExtensibilityGlobals) = postSolution
		SolutionGuid = {842AF01B-D6DE-4E1F-A732-10E583124B9F}
	EndGlobalSection
EndGlobal
