
Microsoft Visual Studio Solution File, Format Version 12.00
# Visual Studio Version 16
VisualStudioVersion = 16.0.34114.132
MinimumVisualStudioVersion = 10.0.40219.1
Project("{8BC9CEB8-8B4A-11D0-8D11-00A0C91BC942}") = "Vjezbe_12", "Vjezbe_12.vcxproj", "{3850BD14-49CA-4AEB-982A-FE89B467C200}"
EndProject
Global
	GlobalSection(SolutionConfigurationPlatforms) = preSolution
		Debug|x64 = Debug|x64
		Debug|x86 = Debug|x86
		Release|x64 = Release|x64
		Release|x86 = Release|x86
	EndGlobalSection
	GlobalSection(ProjectConfigurationPlatforms) = postSolution
		{3850BD14-49CA-4AEB-982A-FE89B467C200}.Debug|x64.ActiveCfg = Debug|x64
		{3850BD14-49CA-4AEB-982A-FE89B467C200}.Debug|x64.Build.0 = Debug|x64
		{3850BD14-49CA-4AEB-982A-FE89B467C200}.Debug|x86.ActiveCfg = Debug|Win32
		{3850BD14-49CA-4AEB-982A-FE89B467C200}.Debug|x86.Build.0 = Debug|Win32
		{3850BD14-49CA-4AEB-982A-FE89B467C200}.Release|x64.ActiveCfg = Release|x64
		{3850BD14-49CA-4AEB-982A-FE89B467C200}.Release|x64.Build.0 = Release|x64
		{3850BD14-49CA-4AEB-982A-FE89B467C200}.Release|x86.ActiveCfg = Release|Win32
		{3850BD14-49CA-4AEB-982A-FE89B467C200}.Release|x86.Build.0 = Release|Win32
	EndGlobalSection
	GlobalSection(SolutionProperties) = preSolution
		HideSolutionNode = FALSE
	EndGlobalSection
	GlobalSection(ExtensibilityGlobals) = postSolution
		SolutionGuid = {D2EBA59B-643A-437B-9FF0-B091F6A02952}
	EndGlobalSection
EndGlobal
